{
  "version": 4,
  "terraform_version": "0.15.3",
  "serial": 66,
  "lineage": "32156722-f685-6349-9e93-d60098ef2813",
  "outputs": {
    "public-ip": {
      "value": "40.87.84.148",
      "type": "string"
    }
  },
  "resources": [
    {
      "mode": "managed",
      "type": "azurerm_linux_virtual_machine",
      "name": "vm-test",
      "provider": "provider[\"registry.terraform.io/hashicorp/azurerm\"]",
      "instances": [
        {
          "schema_version": 0,
          "attributes": {
            "additional_capabilities": [],
            "admin_password": "aulainfra@02",
            "admin_ssh_key": [],
            "admin_username": "adminuser",
            "allow_extension_operations": true,
            "availability_set_id": "",
            "boot_diagnostics": [],
            "computer_name": "vm-aulainfra",
            "custom_data": null,
            "dedicated_host_id": "",
            "disable_password_authentication": false,
            "encryption_at_host_enabled": false,
            "eviction_policy": "",
            "extensions_time_budget": "PT1H30M",
            "id": "/subscriptions/821fd18a-a1f5-447b-b08a-0aa4108363df/resourceGroups/example-resources/providers/Microsoft.Compute/virtualMachines/vm-aulainfra",
            "identity": [],
            "location": "eastus",
            "max_bid_price": -1,
            "name": "vm-aulainfra",
            "network_interface_ids": [
              "/subscriptions/821fd18a-a1f5-447b-b08a-0aa4108363df/resourceGroups/example-resources/providers/Microsoft.Network/networkInterfaces/network-interface-aulainfra"
            ],
            "os_disk": [
              {
                "caching": "ReadWrite",
                "diff_disk_settings": [],
                "disk_encryption_set_id": "",
                "disk_size_gb": 30,
                "name": "vm-aulainfra_OsDisk_1_4484deeb69204566902dd85cca96e15e",
                "storage_account_type": "Standard_LRS",
                "write_accelerator_enabled": false
              }
            ],
            "plan": [],
            "priority": "Regular",
            "private_ip_address": "10.0.1.4",
            "private_ip_addresses": [
              "10.0.1.4"
            ],
            "provision_vm_agent": true,
            "proximity_placement_group_id": "",
            "public_ip_address": "40.87.84.148",
            "public_ip_addresses": [
              "40.87.84.148"
            ],
            "resource_group_name": "example-resources",
            "secret": [],
            "size": "Standard_F2",
            "source_image_id": "",
            "source_image_reference": [
              {
                "offer": "UbuntuServer",
                "publisher": "Canonical",
                "sku": "16.04-LTS",
                "version": "latest"
              }
            ],
            "tags": {},
            "timeouts": null,
            "virtual_machine_id": "c4c4ccee-4a60-4ceb-981a-c1bf5fb99a71",
            "virtual_machine_scale_set_id": "",
            "zone": ""
          },
          "sensitive_attributes": [],
          "private": "eyJlMmJmYjczMC1lY2FhLTExZTYtOGY4OC0zNDM2M2JjN2M0YzAiOnsiY3JlYXRlIjoyNzAwMDAwMDAwMDAwLCJkZWxldGUiOjI3MDAwMDAwMDAwMDAsInJlYWQiOjMwMDAwMDAwMDAwMCwidXBkYXRlIjoyNzAwMDAwMDAwMDAwfX0=",
          "dependencies": [
            "azurerm_resource_group.rg-aulainfra",
            "azurerm_subnet.subnet-aulainfra",
            "azurerm_virtual_network.vnet-test",
            "azurerm_network_interface.board-net",
            "azurerm_public_ip.public-ip-aula"
          ]
        }
      ]
    },
    {
      "mode": "managed",
      "type": "azurerm_network_interface",
      "name": "board-net",
      "provider": "provider[\"registry.terraform.io/hashicorp/azurerm\"]",
      "instances": [
        {
          "schema_version": 0,
          "attributes": {
            "applied_dns_servers": [],
            "dns_servers": [],
            "enable_accelerated_networking": false,
            "enable_ip_forwarding": false,
            "id": "/subscriptions/821fd18a-a1f5-447b-b08a-0aa4108363df/resourceGroups/example-resources/providers/Microsoft.Network/networkInterfaces/network-interface-aulainfra",
            "internal_dns_name_label": "",
            "internal_domain_name_suffix": "wbgzdmhqqk3e3acslk1jt1kltd.bx.internal.cloudapp.net",
            "ip_configuration": [
              {
                "name": "internal",
                "primary": true,
                "private_ip_address": "10.0.1.4",
                "private_ip_address_allocation": "Dynamic",
                "private_ip_address_version": "IPv4",
                "public_ip_address_id": "/subscriptions/821fd18a-a1f5-447b-b08a-0aa4108363df/resourceGroups/example-resources/providers/Microsoft.Network/publicIPAddresses/public-aulainfra",
                "subnet_id": "/subscriptions/821fd18a-a1f5-447b-b08a-0aa4108363df/resourceGroups/example-resources/providers/Microsoft.Network/virtualNetworks/Virtual-Network-test/subnets/subnet1"
              }
            ],
            "location": "eastus",
            "mac_address": "00-0D-3A-56-D4-E6",
            "name": "network-interface-aulainfra",
            "private_ip_address": "10.0.1.4",
            "private_ip_addresses": [
              "10.0.1.4"
            ],
            "resource_group_name": "example-resources",
            "tags": {},
            "timeouts": null,
            "virtual_machine_id": "/subscriptions/821fd18a-a1f5-447b-b08a-0aa4108363df/resourceGroups/example-resources/providers/Microsoft.Compute/virtualMachines/vm-aulainfra"
          },
          "sensitive_attributes": [],
          "private": "eyJlMmJmYjczMC1lY2FhLTExZTYtOGY4OC0zNDM2M2JjN2M0YzAiOnsiY3JlYXRlIjoxODAwMDAwMDAwMDAwLCJkZWxldGUiOjE4MDAwMDAwMDAwMDAsInJlYWQiOjMwMDAwMDAwMDAwMCwidXBkYXRlIjoxODAwMDAwMDAwMDAwfX0=",
          "dependencies": [
            "azurerm_public_ip.public-ip-aula",
            "azurerm_resource_group.rg-aulainfra",
            "azurerm_subnet.subnet-aulainfra",
            "azurerm_virtual_network.vnet-test"
          ]
        }
      ]
    },
    {
      "mode": "managed",
      "type": "azurerm_network_interface_security_group_association",
      "name": "vnet-security",
      "provider": "provider[\"registry.terraform.io/hashicorp/azurerm\"]",
      "instances": [
        {
          "schema_version": 0,
          "attributes": {
            "id": "/subscriptions/821fd18a-a1f5-447b-b08a-0aa4108363df/resourceGroups/example-resources/providers/Microsoft.Network/networkInterfaces/network-interface-aulainfra|/subscriptions/821fd18a-a1f5-447b-b08a-0aa4108363df/resourceGroups/example-resources/providers/Microsoft.Network/networkSecurityGroups/security-aulainfra",
            "network_interface_id": "/subscriptions/821fd18a-a1f5-447b-b08a-0aa4108363df/resourceGroups/example-resources/providers/Microsoft.Network/networkInterfaces/network-interface-aulainfra",
            "network_security_group_id": "/subscriptions/821fd18a-a1f5-447b-b08a-0aa4108363df/resourceGroups/example-resources/providers/Microsoft.Network/networkSecurityGroups/security-aulainfra",
            "timeouts": null
          },
          "sensitive_attributes": [],
          "private": "eyJlMmJmYjczMC1lY2FhLTExZTYtOGY4OC0zNDM2M2JjN2M0YzAiOnsiY3JlYXRlIjoxODAwMDAwMDAwMDAwLCJkZWxldGUiOjE4MDAwMDAwMDAwMDAsInJlYWQiOjMwMDAwMDAwMDAwMCwidXBkYXRlIjoxODAwMDAwMDAwMDAwfX0=",
          "dependencies": [
            "azurerm_network_security_group.security-net",
            "azurerm_public_ip.public-ip-aula",
            "azurerm_resource_group.rg-aulainfra",
            "azurerm_subnet.subnet-aulainfra",
            "azurerm_virtual_network.vnet-test",
            "azurerm_network_interface.board-net"
          ]
        }
      ]
    },
    {
      "mode": "managed",
      "type": "azurerm_network_security_group",
      "name": "security-net",
      "provider": "provider[\"registry.terraform.io/hashicorp/azurerm\"]",
      "instances": [
        {
          "schema_version": 0,
          "attributes": {
            "id": "/subscriptions/821fd18a-a1f5-447b-b08a-0aa4108363df/resourceGroups/example-resources/providers/Microsoft.Network/networkSecurityGroups/security-aulainfra",
            "location": "eastus",
            "name": "security-aulainfra",
            "resource_group_name": "example-resources",
            "security_rule": [
              {
                "access": "Allow",
                "description": "",
                "destination_address_prefix": "*",
                "destination_address_prefixes": [],
                "destination_application_security_group_ids": [],
                "destination_port_range": "22",
                "destination_port_ranges": [],
                "direction": "Inbound",
                "name": "SSH",
                "priority": 100,
                "protocol": "Tcp",
                "source_address_prefix": "*",
                "source_address_prefixes": [],
                "source_application_security_group_ids": [],
                "source_port_range": "*",
                "source_port_ranges": []
              },
              {
                "access": "Allow",
                "description": "",
                "destination_address_prefix": "*",
                "destination_address_prefixes": [],
                "destination_application_security_group_ids": [],
                "destination_port_range": "80",
                "destination_port_ranges": [],
                "direction": "Inbound",
                "name": "apache",
                "priority": 1001,
                "protocol": "Tcp",
                "source_address_prefix": "*",
                "source_address_prefixes": [],
                "source_application_security_group_ids": [],
                "source_port_range": "*",
                "source_port_ranges": []
              }
            ],
            "tags": {},
            "timeouts": null
          },
          "sensitive_attributes": [],
          "private": "eyJlMmJmYjczMC1lY2FhLTExZTYtOGY4OC0zNDM2M2JjN2M0YzAiOnsiY3JlYXRlIjoxODAwMDAwMDAwMDAwLCJkZWxldGUiOjE4MDAwMDAwMDAwMDAsInJlYWQiOjMwMDAwMDAwMDAwMCwidXBkYXRlIjoxODAwMDAwMDAwMDAwfX0=",
          "dependencies": [
            "azurerm_resource_group.rg-aulainfra"
          ]
        }
      ]
    },
    {
      "mode": "managed",
      "type": "azurerm_public_ip",
      "name": "public-ip-aula",
      "provider": "provider[\"registry.terraform.io/hashicorp/azurerm\"]",
      "instances": [
        {
          "schema_version": 0,
          "attributes": {
            "allocation_method": "Static",
            "domain_name_label": null,
            "fqdn": null,
            "id": "/subscriptions/821fd18a-a1f5-447b-b08a-0aa4108363df/resourceGroups/example-resources/providers/Microsoft.Network/publicIPAddresses/public-aulainfra",
            "idle_timeout_in_minutes": 4,
            "ip_address": "40.87.84.148",
            "ip_version": "IPv4",
            "location": "eastus",
            "name": "public-aulainfra",
            "public_ip_prefix_id": null,
            "resource_group_name": "example-resources",
            "reverse_fqdn": null,
            "sku": "Basic",
            "tags": {},
            "timeouts": null,
            "zones": []
          },
          "sensitive_attributes": [],
          "private": "eyJlMmJmYjczMC1lY2FhLTExZTYtOGY4OC0zNDM2M2JjN2M0YzAiOnsiY3JlYXRlIjoxODAwMDAwMDAwMDAwLCJkZWxldGUiOjE4MDAwMDAwMDAwMDAsInJlYWQiOjMwMDAwMDAwMDAwMCwidXBkYXRlIjoxODAwMDAwMDAwMDAwfX0=",
          "dependencies": [
            "azurerm_resource_group.rg-aulainfra"
          ]
        }
      ]
    },
    {
      "mode": "managed",
      "type": "azurerm_resource_group",
      "name": "rg-aulainfra",
      "provider": "provider[\"registry.terraform.io/hashicorp/azurerm\"]",
      "instances": [
        {
          "schema_version": 0,
          "attributes": {
            "id": "/subscriptions/821fd18a-a1f5-447b-b08a-0aa4108363df/resourceGroups/example-resources",
            "location": "eastus",
            "name": "example-resources",
            "tags": {},
            "timeouts": null
          },
          "sensitive_attributes": [],
          "private": "eyJlMmJmYjczMC1lY2FhLTExZTYtOGY4OC0zNDM2M2JjN2M0YzAiOnsiY3JlYXRlIjo1NDAwMDAwMDAwMDAwLCJkZWxldGUiOjU0MDAwMDAwMDAwMDAsInJlYWQiOjMwMDAwMDAwMDAwMCwidXBkYXRlIjo1NDAwMDAwMDAwMDAwfX0="
        }
      ]
    },
    {
      "mode": "managed",
      "type": "azurerm_subnet",
      "name": "subnet-aulainfra",
      "provider": "provider[\"registry.terraform.io/hashicorp/azurerm\"]",
      "instances": [
        {
          "schema_version": 0,
          "attributes": {
            "address_prefix": "10.0.1.0/24",
            "address_prefixes": [
              "10.0.1.0/24"
            ],
            "delegation": [],
            "enforce_private_link_endpoint_network_policies": false,
            "enforce_private_link_service_network_policies": false,
            "id": "/subscriptions/821fd18a-a1f5-447b-b08a-0aa4108363df/resourceGroups/example-resources/providers/Microsoft.Network/virtualNetworks/Virtual-Network-test/subnets/subnet1",
            "name": "subnet1",
            "resource_group_name": "example-resources",
            "service_endpoint_policy_ids": [],
            "service_endpoints": [],
            "timeouts": null,
            "virtual_network_name": "Virtual-Network-test"
          },
          "sensitive_attributes": [],
          "private": "eyJlMmJmYjczMC1lY2FhLTExZTYtOGY4OC0zNDM2M2JjN2M0YzAiOnsiY3JlYXRlIjoxODAwMDAwMDAwMDAwLCJkZWxldGUiOjE4MDAwMDAwMDAwMDAsInJlYWQiOjMwMDAwMDAwMDAwMCwidXBkYXRlIjoxODAwMDAwMDAwMDAwfX0=",
          "dependencies": [
            "azurerm_resource_group.rg-aulainfra",
            "azurerm_virtual_network.vnet-test"
          ]
        }
      ]
    },
    {
      "mode": "managed",
      "type": "azurerm_virtual_network",
      "name": "vnet-test",
      "provider": "provider[\"registry.terraform.io/hashicorp/azurerm\"]",
      "instances": [
        {
          "schema_version": 0,
          "attributes": {
            "address_space": [
              "10.0.0.0/16"
            ],
            "bgp_community": "",
            "ddos_protection_plan": [],
            "dns_servers": [],
            "guid": "b0914db0-82f0-4eba-8052-5ab699ed4b9b",
            "id": "/subscriptions/821fd18a-a1f5-447b-b08a-0aa4108363df/resourceGroups/example-resources/providers/Microsoft.Network/virtualNetworks/Virtual-Network-test",
            "location": "eastus",
            "name": "Virtual-Network-test",
            "resource_group_name": "example-resources",
            "subnet": [
              {
                "address_prefix": "10.0.1.0/24",
                "id": "/subscriptions/821fd18a-a1f5-447b-b08a-0aa4108363df/resourceGroups/example-resources/providers/Microsoft.Network/virtualNetworks/Virtual-Network-test/subnets/subnet1",
                "name": "subnet1",
                "security_group": ""
              }
            ],
            "tags": {
              "enviroment": "Production"
            },
            "timeouts": null,
            "vm_protection_enabled": false
          },
          "sensitive_attributes": [],
          "private": "eyJlMmJmYjczMC1lY2FhLTExZTYtOGY4OC0zNDM2M2JjN2M0YzAiOnsiY3JlYXRlIjoxODAwMDAwMDAwMDAwLCJkZWxldGUiOjE4MDAwMDAwMDAwMDAsInJlYWQiOjMwMDAwMDAwMDAwMCwidXBkYXRlIjoxODAwMDAwMDAwMDAwfX0=",
          "dependencies": [
            "azurerm_resource_group.rg-aulainfra"
          ]
        }
      ]
    }
  ]
}
